
Microsoft Visual Studio Solution File, Format Version 12.00
# Visual Studio Version 17
VisualStudioVersion = 17.7.34302.85
MinimumVisualStudioVersion = 10.0.40219.1
Project("{FAE04EC0-301F-11D3-BF4B-00C04F79EFBC}") = "WindowsFormsApp3", "WindowsFormsApp3.csproj", "{1446A8AA-03A3-4DFB-9865-6A98412F8487}"
EndProject
Global
	GlobalSection(SolutionConfigurationPlatforms) = preSolution
		Debug|Any CPU = Debug|Any CPU
		Release|Any CPU = Release|Any CPU
	EndGlobalSection
	GlobalSection(ProjectConfigurationPlatforms) = postSolution
		{1446A8AA-03A3-4DFB-9865-6A98412F8487}.Debug|Any CPU.ActiveCfg = Debug|Any CPU
		{1446A8AA-03A3-4DFB-9865-6A98412F8487}.Debug|Any CPU.Build.0 = Debug|Any CPU
		{1446A8AA-03A3-4DFB-9865-6A98412F8487}.Release|Any CPU.ActiveCfg = Release|Any CPU
		{1446A8AA-03A3-4DFB-9865-6A98412F8487}.Release|Any CPU.Build.0 = Release|Any CPU
	EndGlobalSection
	GlobalSection(SolutionProperties) = preSolution
		HideSolutionNode = FALSE
	EndGlobalSection
	GlobalSection(ExtensibilityGlobals) = postSolution
		SolutionGuid = {F7789A0E-E342-491F-BF6C-C151B7FDF9A8}
	EndGlobalSection
EndGlobal
